{
  "name": "@alliumworks/debugger",
  "version": "1.0.0",
  "lockfileVersion": 1,
  "requires": true,
  "dependencies": {
    "@allium/arch": {
      "version": "file:../../acm/arch",
      "requires": {
        "@allium/io-bus": "file:../../acm/io-bus",
        "@allium/types": "file:../../acm/types"
      },
      "dependencies": {
        "@allium/io-bus": {
          "version": "file:../../acm/io-bus",
          "requires": {
            "@allium/types": "file:../../acm/types"
          },
          "dependencies": {
            "@allium/types": {
              "version": "file:../../acm/types"
            }
          }
        },
        "@allium/types": {
          "version": "file:../../acm/types"
        }
      }
    },
    "@allium/asm": {
      "version": "file:../../acm/asm",
      "requires": {
        "@allium/types": "file:../../acm/types",
        "@types/node": "^13.1.4"
      },
      "dependencies": {
        "@allium/types": {
          "version": "file:../../acm/types"
        },
        "@types/node": {
          "version": "13.13.52",
          "resolved": "https://registry.npmjs.org/@types/node/-/node-13.13.52.tgz",
          "integrity": "sha512-s3nugnZumCC//n4moGGe6tkNMyYEdaDBitVjwPxXmR5lnMG5dHePinH2EdxkG3Rh1ghFHHixAG4NJhpJW1rthQ=="
        }
      }
    },
    "@allium/emulator": {
      "version": "file:../../acm/emulator",
      "requires": {
        "@allium/arch": "file:../../acm/arch",
        "@allium/types": "file:../../acm/types"
      },
      "dependencies": {
        "@allium/arch": {
          "version": "file:../../acm/arch",
          "requires": {
            "@allium/io-bus": "file:../../acm/io-bus",
            "@allium/types": "file:../../acm/types"
          },
          "dependencies": {
            "@allium/io-bus": {
              "version": "file:../../acm/io-bus",
              "requires": {
                "@allium/types": "file:../../acm/types"
              },
              "dependencies": {
                "@allium/types": {
                  "version": "file:../../acm/types"
                }
              }
            },
            "@allium/types": {
              "version": "file:../../acm/types"
            }
          }
        },
        "@allium/types": {
          "version": "file:../../acm/types"
        }
      }
    },
    "@allium/types": {
      "version": "file:../../acm/types"
    },
    "abab": {
      "version": "2.0.6",
      "resolved": "https://registry.npmjs.org/abab/-/abab-2.0.6.tgz",
      "integrity": "sha512-j2afSsaIENvHZN2B8GOpF566vZ5WVk5opAiMTvWgaQT8DkbOqsTfvNAvHoRGU2zzP8cPoqys+xHTRDWW8L+/BA=="
    },
    "rxjs": {
      "version": "6.5.5",
      "resolved": "https://registry.npmjs.org/rxjs/-/rxjs-6.5.5.tgz",
      "integrity": "sha512-WfQI+1gohdf0Dai/Bbmk5L5ItH5tYqm3ki2c5GdWhKjalzjg93N3avFjVStyZZz+A2Em+ZxKH5bNghw9UeylGQ==",
      "requires": {
        "tslib": "^1.9.0"
      }
    },
    "tslib": {
      "version": "1.14.1",
      "resolved": "https://registry.npmjs.org/tslib/-/tslib-1.14.1.tgz",
      "integrity": "sha512-Xni35NKzjgMrwevysHTCArtLDpPvye8zV/0E4EyYn43P7/7qvQwPh9BGkHewbMulVntbigmcT7rdX3BNo9wRJg=="
    }
  }
}
